
Microsoft Visual Studio Solution File, Format Version 12.00
# Visual Studio Version 17
VisualStudioVersion = 17.8.34525.116
MinimumVisualStudioVersion = 10.0.40219.1
Project("{FAE04EC0-301F-11D3-BF4B-00C04F79EFBC}") = "PetShop", "PetShop\PetShop.csproj", "{BFEDAA66-966C-4737-A67C-32CC9C3F255F}"
EndProject
Global
	GlobalSection(SolutionConfigurationPlatforms) = preSolution
		Debug|Any CPU = Debug|Any CPU
		Release|Any CPU = Release|Any CPU
	EndGlobalSection
	GlobalSection(ProjectConfigurationPlatforms) = postSolution
		{BFEDAA66-966C-4737-A67C-32CC9C3F255F}.Debug|Any CPU.ActiveCfg = Debug|Any CPU
		{BFEDAA66-966C-4737-A67C-32CC9C3F255F}.Debug|Any CPU.Build.0 = Debug|Any CPU
		{BFEDAA66-966C-4737-A67C-32CC9C3F255F}.Release|Any CPU.ActiveCfg = Release|Any CPU
		{BFEDAA66-966C-4737-A67C-32CC9C3F255F}.Release|Any CPU.Build.0 = Release|Any CPU
	EndGlobalSection
	GlobalSection(SolutionProperties) = preSolution
		HideSolutionNode = FALSE
	EndGlobalSection
	GlobalSection(ExtensibilityGlobals) = postSolution
		SolutionGuid = {0CD05C43-ECC3-4208-B7F8-2E5F2DB46E7E}
	EndGlobalSection
EndGlobal
